
Microsoft Visual Studio Solution File, Format Version 12.00
# Visual Studio Version 17
VisualStudioVersion = 17.3.32825.248
MinimumVisualStudioVersion = 10.0.40219.1
Project("{FAE04EC0-301F-11D3-BF4B-00C04F79EFBC}") = "Visordeimagenes", "Visordeimagenes\Visordeimagenes.csproj", "{18E26E7A-378D-4988-BA9E-B64FF560A5EE}"
EndProject
Global
	GlobalSection(SolutionConfigurationPlatforms) = preSolution
		Debug|Any CPU = Debug|Any CPU
		Release|Any CPU = Release|Any CPU
	EndGlobalSection
	GlobalSection(ProjectConfigurationPlatforms) = postSolution
		{18E26E7A-378D-4988-BA9E-B64FF560A5EE}.Debug|Any CPU.ActiveCfg = Debug|Any CPU
		{18E26E7A-378D-4988-BA9E-B64FF560A5EE}.Debug|Any CPU.Build.0 = Debug|Any CPU
		{18E26E7A-378D-4988-BA9E-B64FF560A5EE}.Release|Any CPU.ActiveCfg = Release|Any CPU
		{18E26E7A-378D-4988-BA9E-B64FF560A5EE}.Release|Any CPU.Build.0 = Release|Any CPU
	EndGlobalSection
	GlobalSection(SolutionProperties) = preSolution
		HideSolutionNode = FALSE
	EndGlobalSection
	GlobalSection(ExtensibilityGlobals) = postSolution
		SolutionGuid = {5577D50F-97C3-4F42-904D-480FC836772E}
	EndGlobalSection
EndGlobal
